
Microsoft Visual Studio Solution File, Format Version 12.00
# Visual Studio Version 16
VisualStudioVersion = 16.0.30907.101
MinimumVisualStudioVersion = 10.0.40219.1
Project("{FAE04EC0-301F-11D3-BF4B-00C04F79EFBC}") = "Black-sklad", "Black-sklad\Black-sklad.csproj", "{0DD532CB-339A-4AF9-AC4B-B95226C933F5}"
EndProject
Global
	GlobalSection(SolutionConfigurationPlatforms) = preSolution
		Debug|Any CPU = Debug|Any CPU
		Release|Any CPU = Release|Any CPU
	EndGlobalSection
	GlobalSection(ProjectConfigurationPlatforms) = postSolution
		{0DD532CB-339A-4AF9-AC4B-B95226C933F5}.Debug|Any CPU.ActiveCfg = Debug|Any CPU
		{0DD532CB-339A-4AF9-AC4B-B95226C933F5}.Debug|Any CPU.Build.0 = Debug|Any CPU
		{0DD532CB-339A-4AF9-AC4B-B95226C933F5}.Release|Any CPU.ActiveCfg = Release|Any CPU
		{0DD532CB-339A-4AF9-AC4B-B95226C933F5}.Release|Any CPU.Build.0 = Release|Any CPU
	EndGlobalSection
	GlobalSection(SolutionProperties) = preSolution
		HideSolutionNode = FALSE
	EndGlobalSection
	GlobalSection(ExtensibilityGlobals) = postSolution
		SolutionGuid = {A89335C0-BFC4-4C74-A657-17E008B91B41}
	EndGlobalSection
EndGlobal
